
Microsoft Visual Studio Solution File, Format Version 12.00
# Visual Studio 2013
VisualStudioVersion = 12.0.30501.0
MinimumVisualStudioVersion = 10.0.40219.1
Project("{FAE04EC0-301F-11D3-BF4B-00C04F79EFBC}") = "BAP.Test.CUI", "BAP.Test.CUI\BAP.Test.CUI.csproj", "{76CC39B9-D0C2-4662-8041-6F7EE34B2C39}"
EndProject
Project("{FAE04EC0-301F-11D3-BF4B-00C04F79EFBC}") = "BAP.Loader", "BAP.Loader\BAP.Loader.csproj", "{09CE9852-A2BD-435A-8A24-DEF3366D0792}"
EndProject
Project("{FAE04EC0-301F-11D3-BF4B-00C04F79EFBC}") = "BAP.Loader.PE", "BAP.Loader.PE\BAP.Loader.PE.csproj", "{C8F3F24E-9724-4A20-9A40-6E0D212669C0}"
EndProject
Project("{FAE04EC0-301F-11D3-BF4B-00C04F79EFBC}") = "BAP.Loader.MachO", "BAP.Loader.MachO\BAP.Loader.MachO.csproj", "{618611E8-E6CF-4DAA-B4D9-035C18D963DD}"
EndProject
Project("{FAE04EC0-301F-11D3-BF4B-00C04F79EFBC}") = "BAP.Utils", "BAP.Utils\BAP.Utils.csproj", "{6ACF5985-7582-4839-8582-3CCE48E3C6F7}"
EndProject
Global
	GlobalSection(SolutionConfigurationPlatforms) = preSolution
		Debug|Any CPU = Debug|Any CPU
		Release|Any CPU = Release|Any CPU
	EndGlobalSection
	GlobalSection(ProjectConfigurationPlatforms) = postSolution
		{76CC39B9-D0C2-4662-8041-6F7EE34B2C39}.Debug|Any CPU.ActiveCfg = Debug|Any CPU
		{76CC39B9-D0C2-4662-8041-6F7EE34B2C39}.Debug|Any CPU.Build.0 = Debug|Any CPU
		{76CC39B9-D0C2-4662-8041-6F7EE34B2C39}.Release|Any CPU.ActiveCfg = Release|Any CPU
		{76CC39B9-D0C2-4662-8041-6F7EE34B2C39}.Release|Any CPU.Build.0 = Release|Any CPU
		{09CE9852-A2BD-435A-8A24-DEF3366D0792}.Debug|Any CPU.ActiveCfg = Debug|Any CPU
		{09CE9852-A2BD-435A-8A24-DEF3366D0792}.Debug|Any CPU.Build.0 = Debug|Any CPU
		{09CE9852-A2BD-435A-8A24-DEF3366D0792}.Release|Any CPU.ActiveCfg = Release|Any CPU
		{09CE9852-A2BD-435A-8A24-DEF3366D0792}.Release|Any CPU.Build.0 = Release|Any CPU
		{C8F3F24E-9724-4A20-9A40-6E0D212669C0}.Debug|Any CPU.ActiveCfg = Debug|Any CPU
		{C8F3F24E-9724-4A20-9A40-6E0D212669C0}.Debug|Any CPU.Build.0 = Debug|Any CPU
		{C8F3F24E-9724-4A20-9A40-6E0D212669C0}.Release|Any CPU.ActiveCfg = Release|Any CPU
		{C8F3F24E-9724-4A20-9A40-6E0D212669C0}.Release|Any CPU.Build.0 = Release|Any CPU
		{618611E8-E6CF-4DAA-B4D9-035C18D963DD}.Debug|Any CPU.ActiveCfg = Debug|Any CPU
		{618611E8-E6CF-4DAA-B4D9-035C18D963DD}.Debug|Any CPU.Build.0 = Debug|Any CPU
		{618611E8-E6CF-4DAA-B4D9-035C18D963DD}.Release|Any CPU.ActiveCfg = Release|Any CPU
		{618611E8-E6CF-4DAA-B4D9-035C18D963DD}.Release|Any CPU.Build.0 = Release|Any CPU
		{6ACF5985-7582-4839-8582-3CCE48E3C6F7}.Debug|Any CPU.ActiveCfg = Debug|Any CPU
		{6ACF5985-7582-4839-8582-3CCE48E3C6F7}.Debug|Any CPU.Build.0 = Debug|Any CPU
		{6ACF5985-7582-4839-8582-3CCE48E3C6F7}.Release|Any CPU.ActiveCfg = Release|Any CPU
		{6ACF5985-7582-4839-8582-3CCE48E3C6F7}.Release|Any CPU.Build.0 = Release|Any CPU
	EndGlobalSection
	GlobalSection(SolutionProperties) = preSolution
		HideSolutionNode = FALSE
	EndGlobalSection
EndGlobal
